
Microsoft Visual Studio Solution File, Format Version 12.00
# Visual Studio Version 16
VisualStudioVersion = 16.0.29521.150
MinimumVisualStudioVersion = 10.0.40219.1
Project("{FAE04EC0-301F-11D3-BF4B-00C04F79EFBC}") = "TodoFunctions", "TodoFunctions.csproj", "{8CD88158-0887-454A-A23B-4B2799D90E2B}"
EndProject
Global
	GlobalSection(SolutionConfigurationPlatforms) = preSolution
		Debug|Any CPU = Debug|Any CPU
		Release|Any CPU = Release|Any CPU
	EndGlobalSection
	GlobalSection(ProjectConfigurationPlatforms) = postSolution
		{8CD88158-0887-454A-A23B-4B2799D90E2B}.Debug|Any CPU.ActiveCfg = Debug|Any CPU
		{8CD88158-0887-454A-A23B-4B2799D90E2B}.Debug|Any CPU.Build.0 = Debug|Any CPU
		{8CD88158-0887-454A-A23B-4B2799D90E2B}.Release|Any CPU.ActiveCfg = Release|Any CPU
		{8CD88158-0887-454A-A23B-4B2799D90E2B}.Release|Any CPU.Build.0 = Release|Any CPU
	EndGlobalSection
	GlobalSection(SolutionProperties) = preSolution
		HideSolutionNode = FALSE
	EndGlobalSection
	GlobalSection(ExtensibilityGlobals) = postSolution
		SolutionGuid = {927AA622-03A6-433A-8823-57BAF4928B93}
	EndGlobalSection
EndGlobal
